
Microsoft Visual Studio Solution File, Format Version 12.00
# Visual Studio 14
VisualStudioVersion = 14.0.25420.1
MinimumVisualStudioVersion = 10.0.40219.1
Project("{FAE04EC0-301F-11D3-BF4B-00C04F79EFBC}") = "SDcard", "SDcard\SDcard\SDcard.csproj", "{FDD5805B-9D9D-4D02-815A-C5D23B05C1DE}"
EndProject
Project("{FAE04EC0-301F-11D3-BF4B-00C04F79EFBC}") = "SDcard.Droid", "SDcard\SDcard.Droid\SDcard.Droid.csproj", "{D43F83BE-78C4-43D1-9151-A7FB4BABEEEC}"
EndProject
Project("{FAE04EC0-301F-11D3-BF4B-00C04F79EFBC}") = "SDcard.iOS", "SDcard\SDcard.iOS\SDcard.iOS.csproj", "{FC8285C2-8BCA-4ED1-898F-179831211B82}"
EndProject
Project("{FAE04EC0-301F-11D3-BF4B-00C04F79EFBC}") = "SDcard.WinPhone", "SDcard\SDcard.WinPhone\SDcard.WinPhone.csproj", "{5717AC73-ABD2-4ADC-B966-4F2A608D5545}"
EndProject
Project("{FAE04EC0-301F-11D3-BF4B-00C04F79EFBC}") = "SDcard.Windows", "SDcard\SDcard.Windows\SDcard.Windows.csproj", "{45FD05F8-168F-4145-990D-47845FA6B009}"
EndProject
Global
	GlobalSection(SolutionConfigurationPlatforms) = preSolution
		Ad-Hoc|Any CPU = Ad-Hoc|Any CPU
		Ad-Hoc|ARM = Ad-Hoc|ARM
		Ad-Hoc|iPhone = Ad-Hoc|iPhone
		Ad-Hoc|iPhoneSimulator = Ad-Hoc|iPhoneSimulator
		Ad-Hoc|x64 = Ad-Hoc|x64
		Ad-Hoc|x86 = Ad-Hoc|x86
		AppStore|Any CPU = AppStore|Any CPU
		AppStore|ARM = AppStore|ARM
		AppStore|iPhone = AppStore|iPhone
		AppStore|iPhoneSimulator = AppStore|iPhoneSimulator
		AppStore|x64 = AppStore|x64
		AppStore|x86 = AppStore|x86
		Debug|Any CPU = Debug|Any CPU
		Debug|ARM = Debug|ARM
		Debug|iPhone = Debug|iPhone
		Debug|iPhoneSimulator = Debug|iPhoneSimulator
		Debug|x64 = Debug|x64
		Debug|x86 = Debug|x86
		Release|Any CPU = Release|Any CPU
		Release|ARM = Release|ARM
		Release|iPhone = Release|iPhone
		Release|iPhoneSimulator = Release|iPhoneSimulator
		Release|x64 = Release|x64
		Release|x86 = Release|x86
	EndGlobalSection
	GlobalSection(ProjectConfigurationPlatforms) = postSolution
		{FDD5805B-9D9D-4D02-815A-C5D23B05C1DE}.Ad-Hoc|Any CPU.ActiveCfg = Release|Any CPU
		{FDD5805B-9D9D-4D02-815A-C5D23B05C1DE}.Ad-Hoc|Any CPU.Build.0 = Release|Any CPU
		{FDD5805B-9D9D-4D02-815A-C5D23B05C1DE}.Ad-Hoc|ARM.ActiveCfg = Release|Any CPU
		{FDD5805B-9D9D-4D02-815A-C5D23B05C1DE}.Ad-Hoc|ARM.Build.0 = Release|Any CPU
		{FDD5805B-9D9D-4D02-815A-C5D23B05C1DE}.Ad-Hoc|iPhone.ActiveCfg = Release|Any CPU
		{FDD5805B-9D9D-4D02-815A-C5D23B05C1DE}.Ad-Hoc|iPhone.Build.0 = Release|Any CPU
		{FDD5805B-9D9D-4D02-815A-C5D23B05C1DE}.Ad-Hoc|iPhoneSimulator.ActiveCfg = Release|Any CPU
		{FDD5805B-9D9D-4D02-815A-C5D23B05C1DE}.Ad-Hoc|iPhoneSimulator.Build.0 = Release|Any CPU
		{FDD5805B-9D9D-4D02-815A-C5D23B05C1DE}.Ad-Hoc|x64.ActiveCfg = Release|Any CPU
		{FDD5805B-9D9D-4D02-815A-C5D23B05C1DE}.Ad-Hoc|x64.Build.0 = Release|Any CPU
		{FDD5805B-9D9D-4D02-815A-C5D23B05C1DE}.Ad-Hoc|x86.ActiveCfg = Release|Any CPU
		{FDD5805B-9D9D-4D02-815A-C5D23B05C1DE}.Ad-Hoc|x86.Build.0 = Release|Any CPU
		{FDD5805B-9D9D-4D02-815A-C5D23B05C1DE}.AppStore|Any CPU.ActiveCfg = Release|Any CPU
		{FDD5805B-9D9D-4D02-815A-C5D23B05C1DE}.AppStore|Any CPU.Build.0 = Release|Any CPU
		{FDD5805B-9D9D-4D02-815A-C5D23B05C1DE}.AppStore|ARM.ActiveCfg = Release|Any CPU
		{FDD5805B-9D9D-4D02-815A-C5D23B05C1DE}.AppStore|ARM.Build.0 = Release|Any CPU
		{FDD5805B-9D9D-4D02-815A-C5D23B05C1DE}.AppStore|iPhone.ActiveCfg = Release|Any CPU
		{FDD5805B-9D9D-4D02-815A-C5D23B05C1DE}.AppStore|iPhone.Build.0 = Release|Any CPU
		{FDD5805B-9D9D-4D02-815A-C5D23B05C1DE}.AppStore|iPhoneSimulator.ActiveCfg = Release|Any CPU
		{FDD5805B-9D9D-4D02-815A-C5D23B05C1DE}.AppStore|iPhoneSimulator.Build.0 = Release|Any CPU
		{FDD5805B-9D9D-4D02-815A-C5D23B05C1DE}.AppStore|x64.ActiveCfg = Release|Any CPU
		{FDD5805B-9D9D-4D02-815A-C5D23B05C1DE}.AppStore|x64.Build.0 = Release|Any CPU
		{FDD5805B-9D9D-4D02-815A-C5D23B05C1DE}.AppStore|x86.ActiveCfg = Release|Any CPU
		{FDD5805B-9D9D-4D02-815A-C5D23B05C1DE}.AppStore|x86.Build.0 = Release|Any CPU
		{FDD5805B-9D9D-4D02-815A-C5D23B05C1DE}.Debug|Any CPU.ActiveCfg = Debug|Any CPU
		{FDD5805B-9D9D-4D02-815A-C5D23B05C1DE}.Debug|Any CPU.Build.0 = Debug|Any CPU
		{FDD5805B-9D9D-4D02-815A-C5D23B05C1DE}.Debug|ARM.ActiveCfg = Debug|Any CPU
		{FDD5805B-9D9D-4D02-815A-C5D23B05C1DE}.Debug|ARM.Build.0 = Debug|Any CPU
		{FDD5805B-9D9D-4D02-815A-C5D23B05C1DE}.Debug|iPhone.ActiveCfg = Debug|Any CPU
		{FDD5805B-9D9D-4D02-815A-C5D23B05C1DE}.Debug|iPhone.Build.0 = Debug|Any CPU
		{FDD5805B-9D9D-4D02-815A-C5D23B05C1DE}.Debug|iPhoneSimulator.ActiveCfg = Debug|Any CPU
		{FDD5805B-9D9D-4D02-815A-C5D23B05C1DE}.Debug|iPhoneSimulator.Build.0 = Debug|Any CPU
		{FDD5805B-9D9D-4D02-815A-C5D23B05C1DE}.Debug|x64.ActiveCfg = Debug|Any CPU
		{FDD5805B-9D9D-4D02-815A-C5D23B05C1DE}.Debug|x64.Build.0 = Debug|Any CPU
		{FDD5805B-9D9D-4D02-815A-C5D23B05C1DE}.Debug|x86.ActiveCfg = Debug|Any CPU
		{FDD5805B-9D9D-4D02-815A-C5D23B05C1DE}.Debug|x86.Build.0 = Debug|Any CPU
		{FDD5805B-9D9D-4D02-815A-C5D23B05C1DE}.Release|Any CPU.ActiveCfg = Release|Any CPU
		{FDD5805B-9D9D-4D02-815A-C5D23B05C1DE}.Release|Any CPU.Build.0 = Release|Any CPU
		{FDD5805B-9D9D-4D02-815A-C5D23B05C1DE}.Release|ARM.ActiveCfg = Release|Any CPU
		{FDD5805B-9D9D-4D02-815A-C5D23B05C1DE}.Release|ARM.Build.0 = Release|Any CPU
		{FDD5805B-9D9D-4D02-815A-C5D23B05C1DE}.Release|iPhone.ActiveCfg = Release|Any CPU
		{FDD5805B-9D9D-4D02-815A-C5D23B05C1DE}.Release|iPhone.Build.0 = Release|Any CPU
		{FDD5805B-9D9D-4D02-815A-C5D23B05C1DE}.Release|iPhoneSimulator.ActiveCfg = Release|Any CPU
		{FDD5805B-9D9D-4D02-815A-C5D23B05C1DE}.Release|iPhoneSimulator.Build.0 = Release|Any CPU
		{FDD5805B-9D9D-4D02-815A-C5D23B05C1DE}.Release|x64.ActiveCfg = Release|Any CPU
		{FDD5805B-9D9D-4D02-815A-C5D23B05C1DE}.Release|x64.Build.0 = Release|Any CPU
		{FDD5805B-9D9D-4D02-815A-C5D23B05C1DE}.Release|x86.ActiveCfg = Release|Any CPU
		{FDD5805B-9D9D-4D02-815A-C5D23B05C1DE}.Release|x86.Build.0 = Release|Any CPU
		{D43F83BE-78C4-43D1-9151-A7FB4BABEEEC}.Ad-Hoc|Any CPU.ActiveCfg = Release|Any CPU
		{D43F83BE-78C4-43D1-9151-A7FB4BABEEEC}.Ad-Hoc|Any CPU.Build.0 = Release|Any CPU
		{D43F83BE-78C4-43D1-9151-A7FB4BABEEEC}.Ad-Hoc|Any CPU.Deploy.0 = Release|Any CPU
		{D43F83BE-78C4-43D1-9151-A7FB4BABEEEC}.Ad-Hoc|ARM.ActiveCfg = Release|Any CPU
		{D43F83BE-78C4-43D1-9151-A7FB4BABEEEC}.Ad-Hoc|ARM.Build.0 = Release|Any CPU
		{D43F83BE-78C4-43D1-9151-A7FB4BABEEEC}.Ad-Hoc|ARM.Deploy.0 = Release|Any CPU
		{D43F83BE-78C4-43D1-9151-A7FB4BABEEEC}.Ad-Hoc|iPhone.ActiveCfg = Release|Any CPU
		{D43F83BE-78C4-43D1-9151-A7FB4BABEEEC}.Ad-Hoc|iPhone.Build.0 = Release|Any CPU
		{D43F83BE-78C4-43D1-9151-A7FB4BABEEEC}.Ad-Hoc|iPhone.Deploy.0 = Release|Any CPU
		{D43F83BE-78C4-43D1-9151-A7FB4BABEEEC}.Ad-Hoc|iPhoneSimulator.ActiveCfg = Release|Any CPU
		{D43F83BE-78C4-43D1-9151-A7FB4BABEEEC}.Ad-Hoc|iPhoneSimulator.Build.0 = Release|Any CPU
		{D43F83BE-78C4-43D1-9151-A7FB4BABEEEC}.Ad-Hoc|iPhoneSimulator.Deploy.0 = Release|Any CPU
		{D43F83BE-78C4-43D1-9151-A7FB4BABEEEC}.Ad-Hoc|x64.ActiveCfg = Release|Any CPU
		{D43F83BE-78C4-43D1-9151-A7FB4BABEEEC}.Ad-Hoc|x64.Build.0 = Release|Any CPU
		{D43F83BE-78C4-43D1-9151-A7FB4BABEEEC}.Ad-Hoc|x64.Deploy.0 = Release|Any CPU
		{D43F83BE-78C4-43D1-9151-A7FB4BABEEEC}.Ad-Hoc|x86.ActiveCfg = Release|Any CPU
		{D43F83BE-78C4-43D1-9151-A7FB4BABEEEC}.Ad-Hoc|x86.Build.0 = Release|Any CPU
		{D43F83BE-78C4-43D1-9151-A7FB4BABEEEC}.Ad-Hoc|x86.Deploy.0 = Release|Any CPU
		{D43F83BE-78C4-43D1-9151-A7FB4BABEEEC}.AppStore|Any CPU.ActiveCfg = Release|Any CPU
		{D43F83BE-78C4-43D1-9151-A7FB4BABEEEC}.AppStore|Any CPU.Build.0 = Release|Any CPU
		{D43F83BE-78C4-43D1-9151-A7FB4BABEEEC}.AppStore|Any CPU.Deploy.0 = Release|Any CPU
		{D43F83BE-78C4-43D1-9151-A7FB4BABEEEC}.AppStore|ARM.ActiveCfg = Release|Any CPU
		{D43F83BE-78C4-43D1-9151-A7FB4BABEEEC}.AppStore|ARM.Build.0 = Release|Any CPU
		{D43F83BE-78C4-43D1-9151-A7FB4BABEEEC}.AppStore|ARM.Deploy.0 = Release|Any CPU
		{D43F83BE-78C4-43D1-9151-A7FB4BABEEEC}.AppStore|iPhone.ActiveCfg = Release|Any CPU
		{D43F83BE-78C4-43D1-9151-A7FB4BABEEEC}.AppStore|iPhone.Build.0 = Release|Any CPU
		{D43F83BE-78C4-43D1-9151-A7FB4BABEEEC}.AppStore|iPhone.Deploy.0 = Release|Any CPU
		{D43F83BE-78C4-43D1-9151-A7FB4BABEEEC}.AppStore|iPhoneSimulator.ActiveCfg = Release|Any CPU
		{D43F83BE-78C4-43D1-9151-A7FB4BABEEEC}.AppStore|iPhoneSimulator.Build.0 = Release|Any CPU
		{D43F83BE-78C4-43D1-9151-A7FB4BABEEEC}.AppStore|iPhoneSimulator.Deploy.0 = Release|Any CPU
		{D43F83BE-78C4-43D1-9151-A7FB4BABEEEC}.AppStore|x64.ActiveCfg = Release|Any CPU
		{D43F83BE-78C4-43D1-9151-A7FB4BABEEEC}.AppStore|x64.Build.0 = Release|Any CPU
		{D43F83BE-78C4-43D1-9151-A7FB4BABEEEC}.AppStore|x64.Deploy.0 = Release|Any CPU
		{D43F83BE-78C4-43D1-9151-A7FB4BABEEEC}.AppStore|x86.ActiveCfg = Release|Any CPU
		{D43F83BE-78C4-43D1-9151-A7FB4BABEEEC}.AppStore|x86.Build.0 = Release|Any CPU
		{D43F83BE-78C4-43D1-9151-A7FB4BABEEEC}.AppStore|x86.Deploy.0 = Release|Any CPU
		{D43F83BE-78C4-43D1-9151-A7FB4BABEEEC}.Debug|Any CPU.ActiveCfg = Debug|Any CPU
		{D43F83BE-78C4-43D1-9151-A7FB4BABEEEC}.Debug|Any CPU.Build.0 = Debug|Any CPU
		{D43F83BE-78C4-43D1-9151-A7FB4BABEEEC}.Debug|Any CPU.Deploy.0 = Debug|Any CPU
		{D43F83BE-78C4-43D1-9151-A7FB4BABEEEC}.Debug|ARM.ActiveCfg = Debug|Any CPU
		{D43F83BE-78C4-43D1-9151-A7FB4BABEEEC}.Debug|ARM.Build.0 = Debug|Any CPU
		{D43F83BE-78C4-43D1-9151-A7FB4BABEEEC}.Debug|ARM.Deploy.0 = Debug|Any CPU
		{D43F83BE-78C4-43D1-9151-A7FB4BABEEEC}.Debug|iPhone.ActiveCfg = Debug|Any CPU
		{D43F83BE-78C4-43D1-9151-A7FB4BABEEEC}.Debug|iPhone.Build.0 = Debug|Any CPU
		{D43F83BE-78C4-43D1-9151-A7FB4BABEEEC}.Debug|iPhone.Deploy.0 = Debug|Any CPU
		{D43F83BE-78C4-43D1-9151-A7FB4BABEEEC}.Debug|iPhoneSimulator.ActiveCfg = Debug|Any CPU
		{D43F83BE-78C4-43D1-9151-A7FB4BABEEEC}.Debug|iPhoneSimulator.Build.0 = Debug|Any CPU
		{D43F83BE-78C4-43D1-9151-A7FB4BABEEEC}.Debug|iPhoneSimulator.Deploy.0 = Debug|Any CPU
		{D43F83BE-78C4-43D1-9151-A7FB4BABEEEC}.Debug|x64.ActiveCfg = Debug|Any CPU
		{D43F83BE-78C4-43D1-9151-A7FB4BABEEEC}.Debug|x64.Build.0 = Debug|Any CPU
		{D43F83BE-78C4-43D1-9151-A7FB4BABEEEC}.Debug|x64.Deploy.0 = Debug|Any CPU
		{D43F83BE-78C4-43D1-9151-A7FB4BABEEEC}.Debug|x86.ActiveCfg = Debug|Any CPU
		{D43F83BE-78C4-43D1-9151-A7FB4BABEEEC}.Debug|x86.Build.0 = Debug|Any CPU
		{D43F83BE-78C4-43D1-9151-A7FB4BABEEEC}.Debug|x86.Deploy.0 = Debug|Any CPU
		{D43F83BE-78C4-43D1-9151-A7FB4BABEEEC}.Release|Any CPU.ActiveCfg = Release|Any CPU
		{D43F83BE-78C4-43D1-9151-A7FB4BABEEEC}.Release|Any CPU.Build.0 = Release|Any CPU
		{D43F83BE-78C4-43D1-9151-A7FB4BABEEEC}.Release|Any CPU.Deploy.0 = Release|Any CPU
		{D43F83BE-78C4-43D1-9151-A7FB4BABEEEC}.Release|ARM.ActiveCfg = Release|Any CPU
		{D43F83BE-78C4-43D1-9151-A7FB4BABEEEC}.Release|ARM.Build.0 = Release|Any CPU
		{D43F83BE-78C4-43D1-9151-A7FB4BABEEEC}.Release|ARM.Deploy.0 = Release|Any CPU
		{D43F83BE-78C4-43D1-9151-A7FB4BABEEEC}.Release|iPhone.ActiveCfg = Release|Any CPU
		{D43F83BE-78C4-43D1-9151-A7FB4BABEEEC}.Release|iPhone.Build.0 = Release|Any CPU
		{D43F83BE-78C4-43D1-9151-A7FB4BABEEEC}.Release|iPhone.Deploy.0 = Release|Any CPU
		{D43F83BE-78C4-43D1-9151-A7FB4BABEEEC}.Release|iPhoneSimulator.ActiveCfg = Release|Any CPU
		{D43F83BE-78C4-43D1-9151-A7FB4BABEEEC}.Release|iPhoneSimulator.Build.0 = Release|Any CPU
		{D43F83BE-78C4-43D1-9151-A7FB4BABEEEC}.Release|iPhoneSimulator.Deploy.0 = Release|Any CPU
		{D43F83BE-78C4-43D1-9151-A7FB4BABEEEC}.Release|x64.ActiveCfg = Release|Any CPU
		{D43F83BE-78C4-43D1-9151-A7FB4BABEEEC}.Release|x64.Build.0 = Release|Any CPU
		{D43F83BE-78C4-43D1-9151-A7FB4BABEEEC}.Release|x64.Deploy.0 = Release|Any CPU
		{D43F83BE-78C4-43D1-9151-A7FB4BABEEEC}.Release|x86.ActiveCfg = Release|Any CPU
		{D43F83BE-78C4-43D1-9151-A7FB4BABEEEC}.Release|x86.Build.0 = Release|Any CPU
		{D43F83BE-78C4-43D1-9151-A7FB4BABEEEC}.Release|x86.Deploy.0 = Release|Any CPU
		{FC8285C2-8BCA-4ED1-898F-179831211B82}.Ad-Hoc|Any CPU.ActiveCfg = Ad-Hoc|iPhone
		{FC8285C2-8BCA-4ED1-898F-179831211B82}.Ad-Hoc|ARM.ActiveCfg = Ad-Hoc|iPhone
		{FC8285C2-8BCA-4ED1-898F-179831211B82}.Ad-Hoc|iPhone.ActiveCfg = Ad-Hoc|iPhone
		{FC8285C2-8BCA-4ED1-898F-179831211B82}.Ad-Hoc|iPhone.Build.0 = Ad-Hoc|iPhone
		{FC8285C2-8BCA-4ED1-898F-179831211B82}.Ad-Hoc|iPhoneSimulator.ActiveCfg = Ad-Hoc|iPhoneSimulator
		{FC8285C2-8BCA-4ED1-898F-179831211B82}.Ad-Hoc|iPhoneSimulator.Build.0 = Ad-Hoc|iPhoneSimulator
		{FC8285C2-8BCA-4ED1-898F-179831211B82}.Ad-Hoc|x64.ActiveCfg = Ad-Hoc|iPhone
		{FC8285C2-8BCA-4ED1-898F-179831211B82}.Ad-Hoc|x86.ActiveCfg = Ad-Hoc|iPhone
		{FC8285C2-8BCA-4ED1-898F-179831211B82}.AppStore|Any CPU.ActiveCfg = AppStore|iPhone
		{FC8285C2-8BCA-4ED1-898F-179831211B82}.AppStore|ARM.ActiveCfg = AppStore|iPhone
		{FC8285C2-8BCA-4ED1-898F-179831211B82}.AppStore|iPhone.ActiveCfg = AppStore|iPhone
		{FC8285C2-8BCA-4ED1-898F-179831211B82}.AppStore|iPhone.Build.0 = AppStore|iPhone
		{FC8285C2-8BCA-4ED1-898F-179831211B82}.AppStore|iPhoneSimulator.ActiveCfg = AppStore|iPhoneSimulator
		{FC8285C2-8BCA-4ED1-898F-179831211B82}.AppStore|iPhoneSimulator.Build.0 = AppStore|iPhoneSimulator
		{FC8285C2-8BCA-4ED1-898F-179831211B82}.AppStore|x64.ActiveCfg = AppStore|iPhone
		{FC8285C2-8BCA-4ED1-898F-179831211B82}.AppStore|x86.ActiveCfg = AppStore|iPhone
		{FC8285C2-8BCA-4ED1-898F-179831211B82}.Debug|Any CPU.ActiveCfg = Debug|iPhone
		{FC8285C2-8BCA-4ED1-898F-179831211B82}.Debug|ARM.ActiveCfg = Debug|iPhone
		{FC8285C2-8BCA-4ED1-898F-179831211B82}.Debug|iPhone.ActiveCfg = Debug|iPhone
		{FC8285C2-8BCA-4ED1-898F-179831211B82}.Debug|iPhone.Build.0 = Debug|iPhone
		{FC8285C2-8BCA-4ED1-898F-179831211B82}.Debug|iPhoneSimulator.ActiveCfg = Debug|iPhoneSimulator
		{FC8285C2-8BCA-4ED1-898F-179831211B82}.Debug|iPhoneSimulator.Build.0 = Debug|iPhoneSimulator
		{FC8285C2-8BCA-4ED1-898F-179831211B82}.Debug|x64.ActiveCfg = Debug|iPhone
		{FC8285C2-8BCA-4ED1-898F-179831211B82}.Debug|x86.ActiveCfg = Debug|iPhone
		{FC8285C2-8BCA-4ED1-898F-179831211B82}.Release|Any CPU.ActiveCfg = Release|iPhone
		{FC8285C2-8BCA-4ED1-898F-179831211B82}.Release|ARM.ActiveCfg = Release|iPhone
		{FC8285C2-8BCA-4ED1-898F-179831211B82}.Release|iPhone.ActiveCfg = Release|iPhone
		{FC8285C2-8BCA-4ED1-898F-179831211B82}.Release|iPhone.Build.0 = Release|iPhone
		{FC8285C2-8BCA-4ED1-898F-179831211B82}.Release|iPhoneSimulator.ActiveCfg = Release|iPhoneSimulator
		{FC8285C2-8BCA-4ED1-898F-179831211B82}.Release|iPhoneSimulator.Build.0 = Release|iPhoneSimulator
		{FC8285C2-8BCA-4ED1-898F-179831211B82}.Release|x64.ActiveCfg = Release|iPhone
		{FC8285C2-8BCA-4ED1-898F-179831211B82}.Release|x86.ActiveCfg = Release|iPhone
		{5717AC73-ABD2-4ADC-B966-4F2A608D5545}.Ad-Hoc|Any CPU.ActiveCfg = Release|Any CPU
		{5717AC73-ABD2-4ADC-B966-4F2A608D5545}.Ad-Hoc|Any CPU.Build.0 = Release|Any CPU
		{5717AC73-ABD2-4ADC-B966-4F2A608D5545}.Ad-Hoc|Any CPU.Deploy.0 = Release|Any CPU
		{5717AC73-ABD2-4ADC-B966-4F2A608D5545}.Ad-Hoc|ARM.ActiveCfg = Release|ARM
		{5717AC73-ABD2-4ADC-B966-4F2A608D5545}.Ad-Hoc|ARM.Build.0 = Release|ARM
		{5717AC73-ABD2-4ADC-B966-4F2A608D5545}.Ad-Hoc|ARM.Deploy.0 = Release|ARM
		{5717AC73-ABD2-4ADC-B966-4F2A608D5545}.Ad-Hoc|iPhone.ActiveCfg = Release|Any CPU
		{5717AC73-ABD2-4ADC-B966-4F2A608D5545}.Ad-Hoc|iPhone.Build.0 = Release|Any CPU
		{5717AC73-ABD2-4ADC-B966-4F2A608D5545}.Ad-Hoc|iPhone.Deploy.0 = Release|Any CPU
		{5717AC73-ABD2-4ADC-B966-4F2A608D5545}.Ad-Hoc|iPhoneSimulator.ActiveCfg = Release|Any CPU
		{5717AC73-ABD2-4ADC-B966-4F2A608D5545}.Ad-Hoc|iPhoneSimulator.Build.0 = Release|Any CPU
		{5717AC73-ABD2-4ADC-B966-4F2A608D5545}.Ad-Hoc|iPhoneSimulator.Deploy.0 = Release|Any CPU
		{5717AC73-ABD2-4ADC-B966-4F2A608D5545}.Ad-Hoc|x64.ActiveCfg = Release|Any CPU
		{5717AC73-ABD2-4ADC-B966-4F2A608D5545}.Ad-Hoc|x64.Build.0 = Release|Any CPU
		{5717AC73-ABD2-4ADC-B966-4F2A608D5545}.Ad-Hoc|x64.Deploy.0 = Release|Any CPU
		{5717AC73-ABD2-4ADC-B966-4F2A608D5545}.Ad-Hoc|x86.ActiveCfg = Release|x86
		{5717AC73-ABD2-4ADC-B966-4F2A608D5545}.Ad-Hoc|x86.Build.0 = Release|x86
		{5717AC73-ABD2-4ADC-B966-4F2A608D5545}.Ad-Hoc|x86.Deploy.0 = Release|x86
		{5717AC73-ABD2-4ADC-B966-4F2A608D5545}.AppStore|Any CPU.ActiveCfg = Release|Any CPU
		{5717AC73-ABD2-4ADC-B966-4F2A608D5545}.AppStore|Any CPU.Build.0 = Release|Any CPU
		{5717AC73-ABD2-4ADC-B966-4F2A608D5545}.AppStore|Any CPU.Deploy.0 = Release|Any CPU
		{5717AC73-ABD2-4ADC-B966-4F2A608D5545}.AppStore|ARM.ActiveCfg = Release|ARM
		{5717AC73-ABD2-4ADC-B966-4F2A608D5545}.AppStore|ARM.Build.0 = Release|ARM
		{5717AC73-ABD2-4ADC-B966-4F2A608D5545}.AppStore|ARM.Deploy.0 = Release|ARM
		{5717AC73-ABD2-4ADC-B966-4F2A608D5545}.AppStore|iPhone.ActiveCfg = Release|Any CPU
		{5717AC73-ABD2-4ADC-B966-4F2A608D5545}.AppStore|iPhone.Build.0 = Release|Any CPU
		{5717AC73-ABD2-4ADC-B966-4F2A608D5545}.AppStore|iPhone.Deploy.0 = Release|Any CPU
		{5717AC73-ABD2-4ADC-B966-4F2A608D5545}.AppStore|iPhoneSimulator.ActiveCfg = Release|Any CPU
		{5717AC73-ABD2-4ADC-B966-4F2A608D5545}.AppStore|iPhoneSimulator.Build.0 = Release|Any CPU
		{5717AC73-ABD2-4ADC-B966-4F2A608D5545}.AppStore|iPhoneSimulator.Deploy.0 = Release|Any CPU
		{5717AC73-ABD2-4ADC-B966-4F2A608D5545}.AppStore|x64.ActiveCfg = Release|Any CPU
		{5717AC73-ABD2-4ADC-B966-4F2A608D5545}.AppStore|x64.Build.0 = Release|Any CPU
		{5717AC73-ABD2-4ADC-B966-4F2A608D5545}.AppStore|x64.Deploy.0 = Release|Any CPU
		{5717AC73-ABD2-4ADC-B966-4F2A608D5545}.AppStore|x86.ActiveCfg = Release|x86
		{5717AC73-ABD2-4ADC-B966-4F2A608D5545}.AppStore|x86.Build.0 = Release|x86
		{5717AC73-ABD2-4ADC-B966-4F2A608D5545}.AppStore|x86.Deploy.0 = Release|x86
		{5717AC73-ABD2-4ADC-B966-4F2A608D5545}.Debug|Any CPU.ActiveCfg = Debug|Any CPU
		{5717AC73-ABD2-4ADC-B966-4F2A608D5545}.Debug|Any CPU.Build.0 = Debug|Any CPU
		{5717AC73-ABD2-4ADC-B966-4F2A608D5545}.Debug|Any CPU.Deploy.0 = Debug|Any CPU
		{5717AC73-ABD2-4ADC-B966-4F2A608D5545}.Debug|ARM.ActiveCfg = Debug|ARM
		{5717AC73-ABD2-4ADC-B966-4F2A608D5545}.Debug|ARM.Build.0 = Debug|ARM
		{5717AC73-ABD2-4ADC-B966-4F2A608D5545}.Debug|ARM.Deploy.0 = Debug|ARM
		{5717AC73-ABD2-4ADC-B966-4F2A608D5545}.Debug|iPhone.ActiveCfg = Debug|Any CPU
		{5717AC73-ABD2-4ADC-B966-4F2A608D5545}.Debug|iPhone.Build.0 = Debug|Any CPU
		{5717AC73-ABD2-4ADC-B966-4F2A608D5545}.Debug|iPhone.Deploy.0 = Debug|Any CPU
		{5717AC73-ABD2-4ADC-B966-4F2A608D5545}.Debug|iPhoneSimulator.ActiveCfg = Debug|Any CPU
		{5717AC73-ABD2-4ADC-B966-4F2A608D5545}.Debug|iPhoneSimulator.Build.0 = Debug|Any CPU
		{5717AC73-ABD2-4ADC-B966-4F2A608D5545}.Debug|iPhoneSimulator.Deploy.0 = Debug|Any CPU
		{5717AC73-ABD2-4ADC-B966-4F2A608D5545}.Debug|x64.ActiveCfg = Debug|Any CPU
		{5717AC73-ABD2-4ADC-B966-4F2A608D5545}.Debug|x64.Build.0 = Debug|Any CPU
		{5717AC73-ABD2-4ADC-B966-4F2A608D5545}.Debug|x64.Deploy.0 = Debug|Any CPU
		{5717AC73-ABD2-4ADC-B966-4F2A608D5545}.Debug|x86.ActiveCfg = Debug|x86
		{5717AC73-ABD2-4ADC-B966-4F2A608D5545}.Debug|x86.Build.0 = Debug|x86
		{5717AC73-ABD2-4ADC-B966-4F2A608D5545}.Debug|x86.Deploy.0 = Debug|x86
		{5717AC73-ABD2-4ADC-B966-4F2A608D5545}.Release|Any CPU.ActiveCfg = Release|Any CPU
		{5717AC73-ABD2-4ADC-B966-4F2A608D5545}.Release|Any CPU.Build.0 = Release|Any CPU
		{5717AC73-ABD2-4ADC-B966-4F2A608D5545}.Release|Any CPU.Deploy.0 = Release|Any CPU
		{5717AC73-ABD2-4ADC-B966-4F2A608D5545}.Release|ARM.ActiveCfg = Release|ARM
		{5717AC73-ABD2-4ADC-B966-4F2A608D5545}.Release|ARM.Build.0 = Release|ARM
		{5717AC73-ABD2-4ADC-B966-4F2A608D5545}.Release|ARM.Deploy.0 = Release|ARM
		{5717AC73-ABD2-4ADC-B966-4F2A608D5545}.Release|iPhone.ActiveCfg = Release|Any CPU
		{5717AC73-ABD2-4ADC-B966-4F2A608D5545}.Release|iPhone.Build.0 = Release|Any CPU
		{5717AC73-ABD2-4ADC-B966-4F2A608D5545}.Release|iPhone.Deploy.0 = Release|Any CPU
		{5717AC73-ABD2-4ADC-B966-4F2A608D5545}.Release|iPhoneSimulator.ActiveCfg = Release|Any CPU
		{5717AC73-ABD2-4ADC-B966-4F2A608D5545}.Release|iPhoneSimulator.Build.0 = Release|Any CPU
		{5717AC73-ABD2-4ADC-B966-4F2A608D5545}.Release|iPhoneSimulator.Deploy.0 = Release|Any CPU
		{5717AC73-ABD2-4ADC-B966-4F2A608D5545}.Release|x64.ActiveCfg = Release|Any CPU
		{5717AC73-ABD2-4ADC-B966-4F2A608D5545}.Release|x64.Build.0 = Release|Any CPU
		{5717AC73-ABD2-4ADC-B966-4F2A608D5545}.Release|x64.Deploy.0 = Release|Any CPU
		{5717AC73-ABD2-4ADC-B966-4F2A608D5545}.Release|x86.ActiveCfg = Release|x86
		{5717AC73-ABD2-4ADC-B966-4F2A608D5545}.Release|x86.Build.0 = Release|x86
		{5717AC73-ABD2-4ADC-B966-4F2A608D5545}.Release|x86.Deploy.0 = Release|x86
		{45FD05F8-168F-4145-990D-47845FA6B009}.Ad-Hoc|Any CPU.ActiveCfg = Release|Any CPU
		{45FD05F8-168F-4145-990D-47845FA6B009}.Ad-Hoc|Any CPU.Build.0 = Release|Any CPU
		{45FD05F8-168F-4145-990D-47845FA6B009}.Ad-Hoc|Any CPU.Deploy.0 = Release|Any CPU
		{45FD05F8-168F-4145-990D-47845FA6B009}.Ad-Hoc|ARM.ActiveCfg = Release|ARM
		{45FD05F8-168F-4145-990D-47845FA6B009}.Ad-Hoc|ARM.Build.0 = Release|ARM
		{45FD05F8-168F-4145-990D-47845FA6B009}.Ad-Hoc|ARM.Deploy.0 = Release|ARM
		{45FD05F8-168F-4145-990D-47845FA6B009}.Ad-Hoc|iPhone.ActiveCfg = Release|Any CPU
		{45FD05F8-168F-4145-990D-47845FA6B009}.Ad-Hoc|iPhone.Build.0 = Release|Any CPU
		{45FD05F8-168F-4145-990D-47845FA6B009}.Ad-Hoc|iPhone.Deploy.0 = Release|Any CPU
		{45FD05F8-168F-4145-990D-47845FA6B009}.Ad-Hoc|iPhoneSimulator.ActiveCfg = Release|Any CPU
		{45FD05F8-168F-4145-990D-47845FA6B009}.Ad-Hoc|iPhoneSimulator.Build.0 = Release|Any CPU
		{45FD05F8-168F-4145-990D-47845FA6B009}.Ad-Hoc|iPhoneSimulator.Deploy.0 = Release|Any CPU
		{45FD05F8-168F-4145-990D-47845FA6B009}.Ad-Hoc|x64.ActiveCfg = Release|x64
		{45FD05F8-168F-4145-990D-47845FA6B009}.Ad-Hoc|x64.Build.0 = Release|x64
		{45FD05F8-168F-4145-990D-47845FA6B009}.Ad-Hoc|x64.Deploy.0 = Release|x64
		{45FD05F8-168F-4145-990D-47845FA6B009}.Ad-Hoc|x86.ActiveCfg = Release|x86
		{45FD05F8-168F-4145-990D-47845FA6B009}.Ad-Hoc|x86.Build.0 = Release|x86
		{45FD05F8-168F-4145-990D-47845FA6B009}.Ad-Hoc|x86.Deploy.0 = Release|x86
		{45FD05F8-168F-4145-990D-47845FA6B009}.AppStore|Any CPU.ActiveCfg = Release|Any CPU
		{45FD05F8-168F-4145-990D-47845FA6B009}.AppStore|Any CPU.Build.0 = Release|Any CPU
		{45FD05F8-168F-4145-990D-47845FA6B009}.AppStore|Any CPU.Deploy.0 = Release|Any CPU
		{45FD05F8-168F-4145-990D-47845FA6B009}.AppStore|ARM.ActiveCfg = Release|ARM
		{45FD05F8-168F-4145-990D-47845FA6B009}.AppStore|ARM.Build.0 = Release|ARM
		{45FD05F8-168F-4145-990D-47845FA6B009}.AppStore|ARM.Deploy.0 = Release|ARM
		{45FD05F8-168F-4145-990D-47845FA6B009}.AppStore|iPhone.ActiveCfg = Release|Any CPU
		{45FD05F8-168F-4145-990D-47845FA6B009}.AppStore|iPhone.Build.0 = Release|Any CPU
		{45FD05F8-168F-4145-990D-47845FA6B009}.AppStore|iPhone.Deploy.0 = Release|Any CPU
		{45FD05F8-168F-4145-990D-47845FA6B009}.AppStore|iPhoneSimulator.ActiveCfg = Release|Any CPU
		{45FD05F8-168F-4145-990D-47845FA6B009}.AppStore|iPhoneSimulator.Build.0 = Release|Any CPU
		{45FD05F8-168F-4145-990D-47845FA6B009}.AppStore|iPhoneSimulator.Deploy.0 = Release|Any CPU
		{45FD05F8-168F-4145-990D-47845FA6B009}.AppStore|x64.ActiveCfg = Release|x64
		{45FD05F8-168F-4145-990D-47845FA6B009}.AppStore|x64.Build.0 = Release|x64
		{45FD05F8-168F-4145-990D-47845FA6B009}.AppStore|x64.Deploy.0 = Release|x64
		{45FD05F8-168F-4145-990D-47845FA6B009}.AppStore|x86.ActiveCfg = Release|x86
		{45FD05F8-168F-4145-990D-47845FA6B009}.AppStore|x86.Build.0 = Release|x86
		{45FD05F8-168F-4145-990D-47845FA6B009}.AppStore|x86.Deploy.0 = Release|x86
		{45FD05F8-168F-4145-990D-47845FA6B009}.Debug|Any CPU.ActiveCfg = Debug|Any CPU
		{45FD05F8-168F-4145-990D-47845FA6B009}.Debug|Any CPU.Build.0 = Debug|Any CPU
		{45FD05F8-168F-4145-990D-47845FA6B009}.Debug|Any CPU.Deploy.0 = Debug|Any CPU
		{45FD05F8-168F-4145-990D-47845FA6B009}.Debug|ARM.ActiveCfg = Debug|ARM
		{45FD05F8-168F-4145-990D-47845FA6B009}.Debug|ARM.Build.0 = Debug|ARM
		{45FD05F8-168F-4145-990D-47845FA6B009}.Debug|ARM.Deploy.0 = Debug|ARM
		{45FD05F8-168F-4145-990D-47845FA6B009}.Debug|iPhone.ActiveCfg = Debug|Any CPU
		{45FD05F8-168F-4145-990D-47845FA6B009}.Debug|iPhone.Build.0 = Debug|Any CPU
		{45FD05F8-168F-4145-990D-47845FA6B009}.Debug|iPhone.Deploy.0 = Debug|Any CPU
		{45FD05F8-168F-4145-990D-47845FA6B009}.Debug|iPhoneSimulator.ActiveCfg = Debug|Any CPU
		{45FD05F8-168F-4145-990D-47845FA6B009}.Debug|iPhoneSimulator.Build.0 = Debug|Any CPU
		{45FD05F8-168F-4145-990D-47845FA6B009}.Debug|iPhoneSimulator.Deploy.0 = Debug|Any CPU
		{45FD05F8-168F-4145-990D-47845FA6B009}.Debug|x64.ActiveCfg = Debug|x64
		{45FD05F8-168F-4145-990D-47845FA6B009}.Debug|x64.Build.0 = Debug|x64
		{45FD05F8-168F-4145-990D-47845FA6B009}.Debug|x64.Deploy.0 = Debug|x64
		{45FD05F8-168F-4145-990D-47845FA6B009}.Debug|x86.ActiveCfg = Debug|x86
		{45FD05F8-168F-4145-990D-47845FA6B009}.Debug|x86.Build.0 = Debug|x86
		{45FD05F8-168F-4145-990D-47845FA6B009}.Debug|x86.Deploy.0 = Debug|x86
		{45FD05F8-168F-4145-990D-47845FA6B009}.Release|Any CPU.ActiveCfg = Release|Any CPU
		{45FD05F8-168F-4145-990D-47845FA6B009}.Release|Any CPU.Build.0 = Release|Any CPU
		{45FD05F8-168F-4145-990D-47845FA6B009}.Release|Any CPU.Deploy.0 = Release|Any CPU
		{45FD05F8-168F-4145-990D-47845FA6B009}.Release|ARM.ActiveCfg = Release|ARM
		{45FD05F8-168F-4145-990D-47845FA6B009}.Release|ARM.Build.0 = Release|ARM
		{45FD05F8-168F-4145-990D-47845FA6B009}.Release|ARM.Deploy.0 = Release|ARM
		{45FD05F8-168F-4145-990D-47845FA6B009}.Release|iPhone.ActiveCfg = Release|Any CPU
		{45FD05F8-168F-4145-990D-47845FA6B009}.Release|iPhone.Build.0 = Release|Any CPU
		{45FD05F8-168F-4145-990D-47845FA6B009}.Release|iPhone.Deploy.0 = Release|Any CPU
		{45FD05F8-168F-4145-990D-47845FA6B009}.Release|iPhoneSimulator.ActiveCfg = Release|Any CPU
		{45FD05F8-168F-4145-990D-47845FA6B009}.Release|iPhoneSimulator.Build.0 = Release|Any CPU
		{45FD05F8-168F-4145-990D-47845FA6B009}.Release|iPhoneSimulator.Deploy.0 = Release|Any CPU
		{45FD05F8-168F-4145-990D-47845FA6B009}.Release|x64.ActiveCfg = Release|x64
		{45FD05F8-168F-4145-990D-47845FA6B009}.Release|x64.Build.0 = Release|x64
		{45FD05F8-168F-4145-990D-47845FA6B009}.Release|x64.Deploy.0 = Release|x64
		{45FD05F8-168F-4145-990D-47845FA6B009}.Release|x86.ActiveCfg = Release|x86
		{45FD05F8-168F-4145-990D-47845FA6B009}.Release|x86.Build.0 = Release|x86
		{45FD05F8-168F-4145-990D-47845FA6B009}.Release|x86.Deploy.0 = Release|x86
	EndGlobalSection
	GlobalSection(SolutionProperties) = preSolution
		HideSolutionNode = FALSE
	EndGlobalSection
EndGlobal
